// !$*UTF8*$!
{
	archiveVersion = 1;
	classes = {
	};
	objectVersion = 51;
	objects = {

/* Begin PBXBuildFile section */
		21B4F1BC4BF0181CD8DB62E8 /* Pods_TODOApp_MVVM_Demo.framework in Frameworks */ = {isa = PBXBuildFile; fileRef = B87868D68E4DDA23E3BFC79A /* Pods_TODOApp_MVVM_Demo.framework */; };
		9913BBAC255E84F0000A17DD /* SignUpViewModel.swift in Sources */ = {isa = PBXBuildFile; fileRef = 9913BBAB255E84F0000A17DD /* SignUpViewModel.swift */; };
		9932E6D12553488C00392AC9 /* String+Trimming.swift in Sources */ = {isa = PBXBuildFile; fileRef = 9932E6D02553488C00392AC9 /* String+Trimming.swift */; };
		9932E6D4255349A600392AC9 /* ToDoCell.swift in Sources */ = {isa = PBXBuildFile; fileRef = 9932E6D2255349A600392AC9 /* ToDoCell.swift */; };
		9932E6D5255349A600392AC9 /* ToDoCell.xib in Resources */ = {isa = PBXBuildFile; fileRef = 9932E6D3255349A600392AC9 /* ToDoCell.xib */; };
		9932E6D8255358C100392AC9 /* UIView+Loader.swift in Sources */ = {isa = PBXBuildFile; fileRef = 9932E6D7255358C100392AC9 /* UIView+Loader.swift */; };
		996C94832568C627005742C1 /* SignInViewModel.swift in Sources */ = {isa = PBXBuildFile; fileRef = 996C94822568C627005742C1 /* SignInViewModel.swift */; };
		996C94852568C7A9005742C1 /* ValidationManager.swift in Sources */ = {isa = PBXBuildFile; fileRef = 996C94842568C7A9005742C1 /* ValidationManager.swift */; };
		996C948A2568EC1E005742C1 /* ToDoListViewModel.swift in Sources */ = {isa = PBXBuildFile; fileRef = 996C94892568EC1E005742C1 /* ToDoListViewModel.swift */; };
		996C948C256909B9005742C1 /* ProfileViewModel.swift in Sources */ = {isa = PBXBuildFile; fileRef = 996C948B256909B9005742C1 /* ProfileViewModel.swift */; };
		996CEAA02579CC5900A75796 /* Assets.xcassets in Resources */ = {isa = PBXBuildFile; fileRef = 996CEA9F2579CC5900A75796 /* Assets.xcassets */; };
		997B1D89254D207E002BCC7A /* UIViewController+ShowAlert.swift in Sources */ = {isa = PBXBuildFile; fileRef = 997B1D88254D207E002BCC7A /* UIViewController+ShowAlert.swift */; };
		997B1D8D254D3698002BCC7A /* TaskData.swift in Sources */ = {isa = PBXBuildFile; fileRef = 997B1D8C254D3698002BCC7A /* TaskData.swift */; };
		997B1D8F254D3C4F002BCC7A /* TaskResponse.swift in Sources */ = {isa = PBXBuildFile; fileRef = 997B1D8E254D3C4F002BCC7A /* TaskResponse.swift */; };
		999E4CC42579C64D00ECF67E /* AppStateManager.swift in Sources */ = {isa = PBXBuildFile; fileRef = 999E4CC32579C64D00ECF67E /* AppStateManager.swift */; };
		99AF38A7256D18740055DF3F /* ToDoListView.swift in Sources */ = {isa = PBXBuildFile; fileRef = 99AF38A6256D18740055DF3F /* ToDoListView.swift */; };
		99BAE650256BD9CF00521978 /* SignInView.swift in Sources */ = {isa = PBXBuildFile; fileRef = 99BAE64F256BD9CF00521978 /* SignInView.swift */; };
		99BAE652256BD9E500521978 /* SignUpView.swift in Sources */ = {isa = PBXBuildFile; fileRef = 99BAE651256BD9E500521978 /* SignUpView.swift */; };
		99C5373B2553D1540056C11B /* ProfileVC.swift in Sources */ = {isa = PBXBuildFile; fileRef = 99C5373A2553D1540056C11B /* ProfileVC.swift */; };
		99D5E395255CC82E005CEF61 /* APIRouter.swift in Sources */ = {isa = PBXBuildFile; fileRef = 99D5E394255CC82E005CEF61 /* APIRouter.swift */; };
		B76E56912548A24A00C13D43 /* AppDelegate.swift in Sources */ = {isa = PBXBuildFile; fileRef = B76E56902548A24A00C13D43 /* AppDelegate.swift */; };
		B76E56952548A24A00C13D43 /* ToDoListVC.swift in Sources */ = {isa = PBXBuildFile; fileRef = B76E56942548A24A00C13D43 /* ToDoListVC.swift */; };
		B76E56982548A24A00C13D43 /* Authentication.storyboard in Resources */ = {isa = PBXBuildFile; fileRef = B76E56962548A24A00C13D43 /* Authentication.storyboard */; };
		B76E569D2548A24C00C13D43 /* LaunchScreen.storyboard in Resources */ = {isa = PBXBuildFile; fileRef = B76E569B2548A24C00C13D43 /* LaunchScreen.storyboard */; };
		B76E56B52548A63E00C13D43 /* UIViewController+Storyboard.swift in Sources */ = {isa = PBXBuildFile; fileRef = B76E56B42548A63E00C13D43 /* UIViewController+Storyboard.swift */; };
		B76E56B72548A71900C13D43 /* Main.storyboard in Resources */ = {isa = PBXBuildFile; fileRef = B76E56B62548A71900C13D43 /* Main.storyboard */; };
		B76E56B92548A76600C13D43 /* SignInVC.swift in Sources */ = {isa = PBXBuildFile; fileRef = B76E56B82548A76600C13D43 /* SignInVC.swift */; };
		B76E56BC2548A84600C13D43 /* SignUpVC.swift in Sources */ = {isa = PBXBuildFile; fileRef = B76E56BB2548A84600C13D43 /* SignUpVC.swift */; };
		B76E56BF2548AFA000C13D43 /* APIManager.swift in Sources */ = {isa = PBXBuildFile; fileRef = B76E56BE2548AFA000C13D43 /* APIManager.swift */; };
		B76E56C12548B0FD00C13D43 /* LoginResponse.swift in Sources */ = {isa = PBXBuildFile; fileRef = B76E56C02548B0FD00C13D43 /* LoginResponse.swift */; };
		B76E56C32548B2B100C13D43 /* Constants.swift in Sources */ = {isa = PBXBuildFile; fileRef = B76E56C22548B2B100C13D43 /* Constants.swift */; };
		B76E56C52548BACC00C13D43 /* UserData.swift in Sources */ = {isa = PBXBuildFile; fileRef = B76E56C42548BACC00C13D43 /* UserData.swift */; };
		B76E56C72548BEE100C13D43 /* UserDefaultsManager.swift in Sources */ = {isa = PBXBuildFile; fileRef = B76E56C62548BEE100C13D43 /* UserDefaultsManager.swift */; };
/* End PBXBuildFile section */

/* Begin PBXFileReference section */
		7828ADE052617C1A49B36F6D /* Pods-TODOApp-MVVM-Demo.debug.xcconfig */ = {isa = PBXFileReference; includeInIndex = 1; lastKnownFileType = text.xcconfig; name = "Pods-TODOApp-MVVM-Demo.debug.xcconfig"; path = "Target Support Files/Pods-TODOApp-MVVM-Demo/Pods-TODOApp-MVVM-Demo.debug.xcconfig"; sourceTree = "<group>"; };
		7C7668F5FBCAC29319F7DEF0 /* Pods-TODOApp-MVVM-Demo.release.xcconfig */ = {isa = PBXFileReference; includeInIndex = 1; lastKnownFileType = text.xcconfig; name = "Pods-TODOApp-MVVM-Demo.release.xcconfig"; path = "Target Support Files/Pods-TODOApp-MVVM-Demo/Pods-TODOApp-MVVM-Demo.release.xcconfig"; sourceTree = "<group>"; };
		9913BBAB255E84F0000A17DD /* SignUpViewModel.swift */ = {isa = PBXFileReference; lastKnownFileType = sourcecode.swift; path = SignUpViewModel.swift; sourceTree = "<group>"; };
		9932E6D02553488C00392AC9 /* String+Trimming.swift */ = {isa = PBXFileReference; lastKnownFileType = sourcecode.swift; path = "String+Trimming.swift"; sourceTree = "<group>"; };
		9932E6D2255349A600392AC9 /* ToDoCell.swift */ = {isa = PBXFileReference; lastKnownFileType = sourcecode.swift; path = ToDoCell.swift; sourceTree = "<group>"; };
		9932E6D3255349A600392AC9 /* ToDoCell.xib */ = {isa = PBXFileReference; lastKnownFileType = file.xib; path = ToDoCell.xib; sourceTree = "<group>"; };
		9932E6D7255358C100392AC9 /* UIView+Loader.swift */ = {isa = PBXFileReference; lastKnownFileType = sourcecode.swift; path = "UIView+Loader.swift"; sourceTree = "<group>"; };
		996C94822568C627005742C1 /* SignInViewModel.swift */ = {isa = PBXFileReference; lastKnownFileType = sourcecode.swift; path = SignInViewModel.swift; sourceTree = "<group>"; };
		996C94842568C7A9005742C1 /* ValidationManager.swift */ = {isa = PBXFileReference; lastKnownFileType = sourcecode.swift; path = ValidationManager.swift; sourceTree = "<group>"; };
		996C94892568EC1E005742C1 /* ToDoListViewModel.swift */ = {isa = PBXFileReference; lastKnownFileType = sourcecode.swift; path = ToDoListViewModel.swift; sourceTree = "<group>"; };
		996C948B256909B9005742C1 /* ProfileViewModel.swift */ = {isa = PBXFileReference; lastKnownFileType = sourcecode.swift; path = ProfileViewModel.swift; sourceTree = "<group>"; };
		996CEA9F2579CC5900A75796 /* Assets.xcassets */ = {isa = PBXFileReference; lastKnownFileType = folder.assetcatalog; path = Assets.xcassets; sourceTree = "<group>"; };
		997B1D88254D207E002BCC7A /* UIViewController+ShowAlert.swift */ = {isa = PBXFileReference; lastKnownFileType = sourcecode.swift; path = "UIViewController+ShowAlert.swift"; sourceTree = "<group>"; };
		997B1D8C254D3698002BCC7A /* TaskData.swift */ = {isa = PBXFileReference; lastKnownFileType = sourcecode.swift; path = TaskData.swift; sourceTree = "<group>"; };
		997B1D8E254D3C4F002BCC7A /* TaskResponse.swift */ = {isa = PBXFileReference; lastKnownFileType = sourcecode.swift; path = TaskResponse.swift; sourceTree = "<group>"; };
		999E4CC32579C64D00ECF67E /* AppStateManager.swift */ = {isa = PBXFileReference; lastKnownFileType = sourcecode.swift; path = AppStateManager.swift; sourceTree = "<group>"; };
		99AF38A6256D18740055DF3F /* ToDoListView.swift */ = {isa = PBXFileReference; lastKnownFileType = sourcecode.swift; path = ToDoListView.swift; sourceTree = "<group>"; };
		99BAE64F256BD9CF00521978 /* SignInView.swift */ = {isa = PBXFileReference; lastKnownFileType = sourcecode.swift; path = SignInView.swift; sourceTree = "<group>"; };
		99BAE651256BD9E500521978 /* SignUpView.swift */ = {isa = PBXFileReference; lastKnownFileType = sourcecode.swift; path = SignUpView.swift; sourceTree = "<group>"; };
		99C5373A2553D1540056C11B /* ProfileVC.swift */ = {isa = PBXFileReference; lastKnownFileType = sourcecode.swift; path = ProfileVC.swift; sourceTree = "<group>"; };
		99D5E394255CC82E005CEF61 /* APIRouter.swift */ = {isa = PBXFileReference; lastKnownFileType = sourcecode.swift; path = APIRouter.swift; sourceTree = "<group>"; };
		B76E568D2548A24A00C13D43 /* TODOApp-MVVM-Demo.app */ = {isa = PBXFileReference; explicitFileType = wrapper.application; includeInIndex = 0; path = "TODOApp-MVVM-Demo.app"; sourceTree = BUILT_PRODUCTS_DIR; };
		B76E56902548A24A00C13D43 /* AppDelegate.swift */ = {isa = PBXFileReference; lastKnownFileType = sourcecode.swift; path = AppDelegate.swift; sourceTree = "<group>"; };
		B76E56942548A24A00C13D43 /* ToDoListVC.swift */ = {isa = PBXFileReference; lastKnownFileType = sourcecode.swift; path = ToDoListVC.swift; sourceTree = "<group>"; };
		B76E56972548A24A00C13D43 /* Base */ = {isa = PBXFileReference; lastKnownFileType = file.storyboard; name = Base; path = Base.lproj/Authentication.storyboard; sourceTree = "<group>"; };
		B76E569C2548A24C00C13D43 /* Base */ = {isa = PBXFileReference; lastKnownFileType = file.storyboard; name = Base; path = Base.lproj/LaunchScreen.storyboard; sourceTree = "<group>"; };
		B76E569E2548A24C00C13D43 /* Info.plist */ = {isa = PBXFileReference; lastKnownFileType = text.plist.xml; path = Info.plist; sourceTree = "<group>"; };
		B76E56B42548A63E00C13D43 /* UIViewController+Storyboard.swift */ = {isa = PBXFileReference; lastKnownFileType = sourcecode.swift; path = "UIViewController+Storyboard.swift"; sourceTree = "<group>"; };
		B76E56B62548A71900C13D43 /* Main.storyboard */ = {isa = PBXFileReference; lastKnownFileType = file.storyboard; path = Main.storyboard; sourceTree = "<group>"; };
		B76E56B82548A76600C13D43 /* SignInVC.swift */ = {isa = PBXFileReference; lastKnownFileType = sourcecode.swift; path = SignInVC.swift; sourceTree = "<group>"; };
		B76E56BB2548A84600C13D43 /* SignUpVC.swift */ = {isa = PBXFileReference; lastKnownFileType = sourcecode.swift; path = SignUpVC.swift; sourceTree = "<group>"; };
		B76E56BE2548AFA000C13D43 /* APIManager.swift */ = {isa = PBXFileReference; lastKnownFileType = sourcecode.swift; path = APIManager.swift; sourceTree = "<group>"; };
		B76E56C02548B0FD00C13D43 /* LoginResponse.swift */ = {isa = PBXFileReference; lastKnownFileType = sourcecode.swift; path = LoginResponse.swift; sourceTree = "<group>"; };
		B76E56C22548B2B100C13D43 /* Constants.swift */ = {isa = PBXFileReference; lastKnownFileType = sourcecode.swift; path = Constants.swift; sourceTree = "<group>"; };
		B76E56C42548BACC00C13D43 /* UserData.swift */ = {isa = PBXFileReference; lastKnownFileType = sourcecode.swift; path = UserData.swift; sourceTree = "<group>"; };
		B76E56C62548BEE100C13D43 /* UserDefaultsManager.swift */ = {isa = PBXFileReference; lastKnownFileType = sourcecode.swift; path = UserDefaultsManager.swift; sourceTree = "<group>"; };
		B87868D68E4DDA23E3BFC79A /* Pods_TODOApp_MVVM_Demo.framework */ = {isa = PBXFileReference; explicitFileType = wrapper.framework; includeInIndex = 0; path = Pods_TODOApp_MVVM_Demo.framework; sourceTree = BUILT_PRODUCTS_DIR; };
/* End PBXFileReference section */

/* Begin PBXFrameworksBuildPhase section */
		B76E568A2548A24A00C13D43 /* Frameworks */ = {
			isa = PBXFrameworksBuildPhase;
			buildActionMask = 2147483647;
			files = (
				21B4F1BC4BF0181CD8DB62E8 /* Pods_TODOApp_MVVM_Demo.framework in Frameworks */,
			);
			runOnlyForDeploymentPostprocessing = 0;
		};
/* End PBXFrameworksBuildPhase section */

/* Begin PBXGroup section */
		61A3BCCE7556368E1692BD67 /* Pods */ = {
			isa = PBXGroup;
			children = (
				7828ADE052617C1A49B36F6D /* Pods-TODOApp-MVVM-Demo.debug.xcconfig */,
				7C7668F5FBCAC29319F7DEF0 /* Pods-TODOApp-MVVM-Demo.release.xcconfig */,
			);
			path = Pods;
			sourceTree = "<group>";
		};
		982A3707C3FF1D615BE2C952 /* Frameworks */ = {
			isa = PBXGroup;
			children = (
				B87868D68E4DDA23E3BFC79A /* Pods_TODOApp_MVVM_Demo.framework */,
			);
			name = Frameworks;
			sourceTree = "<group>";
		};
		9913BBA9255E8363000A17DD /* ViewModel */ = {
			isa = PBXGroup;
			children = (
				996C94872568EBF2005742C1 /* Authentication */,
				996C948D25690A66005742C1 /* Main */,
			);
			path = ViewModel;
			sourceTree = "<group>";
		};
		9932E6D6255349BB00392AC9 /* Cells */ = {
			isa = PBXGroup;
			children = (
				9932E6D2255349A600392AC9 /* ToDoCell.swift */,
				9932E6D3255349A600392AC9 /* ToDoCell.xib */,
			);
			path = Cells;
			sourceTree = "<group>";
		};
		9932E6D925535E7E00392AC9 /* Authentication */ = {
			isa = PBXGroup;
			children = (
				B76E56C02548B0FD00C13D43 /* LoginResponse.swift */,
				B76E56C42548BACC00C13D43 /* UserData.swift */,
			);
			path = Authentication;
			sourceTree = "<group>";
		};
		9932E6DA25535EC900392AC9 /* Main */ = {
			isa = PBXGroup;
			children = (
				997B1D8C254D3698002BCC7A /* TaskData.swift */,
				997B1D8E254D3C4F002BCC7A /* TaskResponse.swift */,
			);
			path = Main;
			sourceTree = "<group>";
		};
		996C94872568EBF2005742C1 /* Authentication */ = {
			isa = PBXGroup;
			children = (
				996C94822568C627005742C1 /* SignInViewModel.swift */,
				9913BBAB255E84F0000A17DD /* SignUpViewModel.swift */,
			);
			path = Authentication;
			sourceTree = "<group>";
		};
		996C948D25690A66005742C1 /* Main */ = {
			isa = PBXGroup;
			children = (
				996C94892568EC1E005742C1 /* ToDoListViewModel.swift */,
				996C948B256909B9005742C1 /* ProfileViewModel.swift */,
			);
			path = Main;
			sourceTree = "<group>";
		};
		996E7AC7256D1EE20099E464 /* Profile */ = {
			isa = PBXGroup;
			children = (
				99C5373A2553D1540056C11B /* ProfileVC.swift */,
			);
			path = Profile;
			sourceTree = "<group>";
		};
		9980C239256D1BBE005F253C /* ToDoList */ = {
			isa = PBXGroup;
			children = (
				B76E56942548A24A00C13D43 /* ToDoListVC.swift */,
				99AF38A6256D18740055DF3F /* ToDoListView.swift */,
			);
			path = ToDoList;
			sourceTree = "<group>";
		};
		999E4CC52579C6C600ECF67E /* Shared */ = {
			isa = PBXGroup;
			children = (
				B76E56902548A24A00C13D43 /* AppDelegate.swift */,
				999E4CC32579C64D00ECF67E /* AppStateManager.swift */,
			);
			path = Shared;
			sourceTree = "<group>";
		};
		99BAE653256BDA6200521978 /* SignIn */ = {
			isa = PBXGroup;
			children = (
				B76E56B82548A76600C13D43 /* SignInVC.swift */,
				99BAE64F256BD9CF00521978 /* SignInView.swift */,
			);
			path = SignIn;
			sourceTree = "<group>";
		};
		99BAE654256BDA7000521978 /* SignUp */ = {
			isa = PBXGroup;
			children = (
				B76E56BB2548A84600C13D43 /* SignUpVC.swift */,
				99BAE651256BD9E500521978 /* SignUpView.swift */,
			);
			path = SignUp;
			sourceTree = "<group>";
		};
		99D2148D257970C4000B8FF2 /* CustomViews */ = {
			isa = PBXGroup;
			children = (
				9932E6D6255349BB00392AC9 /* Cells */,
			);
			path = CustomViews;
			sourceTree = "<group>";
		};
		B76E56842548A24A00C13D43 = {
			isa = PBXGroup;
			children = (
				B76E568F2548A24A00C13D43 /* TODOApp-MVVM-Demo */,
				B76E568E2548A24A00C13D43 /* Products */,
				61A3BCCE7556368E1692BD67 /* Pods */,
				982A3707C3FF1D615BE2C952 /* Frameworks */,
			);
			sourceTree = "<group>";
		};
		B76E568E2548A24A00C13D43 /* Products */ = {
			isa = PBXGroup;
			children = (
				B76E568D2548A24A00C13D43 /* TODOApp-MVVM-Demo.app */,
			);
			name = Products;
			sourceTree = "<group>";
		};
		B76E568F2548A24A00C13D43 /* TODOApp-MVVM-Demo */ = {
			isa = PBXGroup;
			children = (
				999E4CC52579C6C600ECF67E /* Shared */,
				B76E56A42548A2B400C13D43 /* Networking */,
				B76E56A52548A2BE00C13D43 /* Managers */,
				B76E56AB2548A32D00C13D43 /* Utilities */,
				B76E56A62548A2C900C13D43 /* Extensions */,
				B76E56A82548A2E400C13D43 /* Model */,
				B76E56A92548A2EA00C13D43 /* View */,
				9913BBA9255E8363000A17DD /* ViewModel */,
				B76E56A72548A2D300C13D43 /* Resources */,
				B76E569E2548A24C00C13D43 /* Info.plist */,
			);
			path = "TODOApp-MVVM-Demo";
			sourceTree = "<group>";
		};
		B76E56A42548A2B400C13D43 /* Networking */ = {
			isa = PBXGroup;
			children = (
				B76E56BE2548AFA000C13D43 /* APIManager.swift */,
				99D5E394255CC82E005CEF61 /* APIRouter.swift */,
			);
			path = Networking;
			sourceTree = "<group>";
		};
		B76E56A52548A2BE00C13D43 /* Managers */ = {
			isa = PBXGroup;
			children = (
				B76E56C62548BEE100C13D43 /* UserDefaultsManager.swift */,
				996C94842568C7A9005742C1 /* ValidationManager.swift */,
			);
			path = Managers;
			sourceTree = "<group>";
		};
		B76E56A62548A2C900C13D43 /* Extensions */ = {
			isa = PBXGroup;
			children = (
				B76E56B42548A63E00C13D43 /* UIViewController+Storyboard.swift */,
				997B1D88254D207E002BCC7A /* UIViewController+ShowAlert.swift */,
				9932E6D02553488C00392AC9 /* String+Trimming.swift */,
				9932E6D7255358C100392AC9 /* UIView+Loader.swift */,
			);
			path = Extensions;
			sourceTree = "<group>";
		};
		B76E56A72548A2D300C13D43 /* Resources */ = {
			isa = PBXGroup;
			children = (
				B76E56B22548A57200C13D43 /* Storyboards */,
				B76E56B32548A58700C13D43 /* Assets */,
			);
			path = Resources;
			sourceTree = "<group>";
		};
		B76E56A82548A2E400C13D43 /* Model */ = {
			isa = PBXGroup;
			children = (
				9932E6D925535E7E00392AC9 /* Authentication */,
				9932E6DA25535EC900392AC9 /* Main */,
			);
			path = Model;
			sourceTree = "<group>";
		};
		B76E56A92548A2EA00C13D43 /* View */ = {
			isa = PBXGroup;
			children = (
				B76E56BA2548A77900C13D43 /* Authentication */,
				B76E56BD2548A8CE00C13D43 /* Main */,
				99D2148D257970C4000B8FF2 /* CustomViews */,
			);
			path = View;
			sourceTree = "<group>";
		};
		B76E56AB2548A32D00C13D43 /* Utilities */ = {
			isa = PBXGroup;
			children = (
				B76E56C22548B2B100C13D43 /* Constants.swift */,
			);
			path = Utilities;
			sourceTree = "<group>";
		};
		B76E56B22548A57200C13D43 /* Storyboards */ = {
			isa = PBXGroup;
			children = (
				B76E56962548A24A00C13D43 /* Authentication.storyboard */,
				B76E56B62548A71900C13D43 /* Main.storyboard */,
				B76E569B2548A24C00C13D43 /* LaunchScreen.storyboard */,
			);
			path = Storyboards;
			sourceTree = "<group>";
		};
		B76E56B32548A58700C13D43 /* Assets */ = {
			isa = PBXGroup;
			children = (
				996CEA9F2579CC5900A75796 /* Assets.xcassets */,
			);
			path = Assets;
			sourceTree = "<group>";
		};
		B76E56BA2548A77900C13D43 /* Authentication */ = {
			isa = PBXGroup;
			children = (
				99BAE653256BDA6200521978 /* SignIn */,
				99BAE654256BDA7000521978 /* SignUp */,
			);
			path = Authentication;
			sourceTree = "<group>";
		};
		B76E56BD2548A8CE00C13D43 /* Main */ = {
			isa = PBXGroup;
			children = (
				9980C239256D1BBE005F253C /* ToDoList */,
				996E7AC7256D1EE20099E464 /* Profile */,
			);
			path = Main;
			sourceTree = "<group>";
		};
/* End PBXGroup section */

/* Begin PBXNativeTarget section */
		B76E568C2548A24A00C13D43 /* TODOApp-MVVM-Demo */ = {
			isa = PBXNativeTarget;
			buildConfigurationList = B76E56A12548A24C00C13D43 /* Build configuration list for PBXNativeTarget "TODOApp-MVVM-Demo" */;
			buildPhases = (
				A971C6B43FEF8E3A0115F886 /* [CP] Check Pods Manifest.lock */,
				B76E56892548A24A00C13D43 /* Sources */,
				B76E568A2548A24A00C13D43 /* Frameworks */,
				B76E568B2548A24A00C13D43 /* Resources */,
				A1E86918248AEFC9839D5B28 /* [CP] Embed Pods Frameworks */,
			);
			buildRules = (
			);
			dependencies = (
			);
			name = "TODOApp-MVVM-Demo";
			productName = "TODOApp-MVC-Demo";
			productReference = B76E568D2548A24A00C13D43 /* TODOApp-MVVM-Demo.app */;
			productType = "com.apple.product-type.application";
		};
/* End PBXNativeTarget section */

/* Begin PBXProject section */
		B76E56852548A24A00C13D43 /* Project object */ = {
			isa = PBXProject;
			attributes = {
				LastSwiftUpdateCheck = 1130;
				LastUpgradeCheck = 1130;
				ORGANIZATIONNAME = IDEAEG;
				TargetAttributes = {
					B76E568C2548A24A00C13D43 = {
						CreatedOnToolsVersion = 11.3;
					};
				};
			};
			buildConfigurationList = B76E56882548A24A00C13D43 /* Build configuration list for PBXProject "TODOApp-MVVM-Demo" */;
			compatibilityVersion = "Xcode 9.3";
			developmentRegion = en;
			hasScannedForEncodings = 0;
			knownRegions = (
				en,
				Base,
			);
			mainGroup = B76E56842548A24A00C13D43;
			productRefGroup = B76E568E2548A24A00C13D43 /* Products */;
			projectDirPath = "";
			projectRoot = "";
			targets = (
				B76E568C2548A24A00C13D43 /* TODOApp-MVVM-Demo */,
			);
		};
/* End PBXProject section */

/* Begin PBXResourcesBuildPhase section */
		B76E568B2548A24A00C13D43 /* Resources */ = {
			isa = PBXResourcesBuildPhase;
			buildActionMask = 2147483647;
			files = (
				B76E56B72548A71900C13D43 /* Main.storyboard in Resources */,
				B76E569D2548A24C00C13D43 /* LaunchScreen.storyboard in Resources */,
				9932E6D5255349A600392AC9 /* ToDoCell.xib in Resources */,
				B76E56982548A24A00C13D43 /* Authentication.storyboard in Resources */,
				996CEAA02579CC5900A75796 /* Assets.xcassets in Resources */,
			);
			runOnlyForDeploymentPostprocessing = 0;
		};
/* End PBXResourcesBuildPhase section */

/* Begin PBXShellScriptBuildPhase section */
		A1E86918248AEFC9839D5B28 /* [CP] Embed Pods Frameworks */ = {
			isa = PBXShellScriptBuildPhase;
			buildActionMask = 2147483647;
			files = (
			);
			inputFileListPaths = (
				"${PODS_ROOT}/Target Support Files/Pods-TODOApp-MVVM-Demo/Pods-TODOApp-MVVM-Demo-frameworks-${CONFIGURATION}-input-files.xcfilelist",
			);
			name = "[CP] Embed Pods Frameworks";
			outputFileListPaths = (
				"${PODS_ROOT}/Target Support Files/Pods-TODOApp-MVVM-Demo/Pods-TODOApp-MVVM-Demo-frameworks-${CONFIGURATION}-output-files.xcfilelist",
			);
			runOnlyForDeploymentPostprocessing = 0;
			shellPath = /bin/sh;
			shellScript = "\"${PODS_ROOT}/Target Support Files/Pods-TODOApp-MVVM-Demo/Pods-TODOApp-MVVM-Demo-frameworks.sh\"\n";
			showEnvVarsInLog = 0;
		};
		A971C6B43FEF8E3A0115F886 /* [CP] Check Pods Manifest.lock */ = {
			isa = PBXShellScriptBuildPhase;
			buildActionMask = 2147483647;
			files = (
			);
			inputFileListPaths = (
			);
			inputPaths = (
				"${PODS_PODFILE_DIR_PATH}/Podfile.lock",
				"${PODS_ROOT}/Manifest.lock",
			);
			name = "[CP] Check Pods Manifest.lock";
			outputFileListPaths = (
			);
			outputPaths = (
				"$(DERIVED_FILE_DIR)/Pods-TODOApp-MVVM-Demo-checkManifestLockResult.txt",
			);
			runOnlyForDeploymentPostprocessing = 0;
			shellPath = /bin/sh;
			shellScript = "diff \"${PODS_PODFILE_DIR_PATH}/Podfile.lock\" \"${PODS_ROOT}/Manifest.lock\" > /dev/null\nif [ $? != 0 ] ; then\n    # print error to STDERR\n    echo \"error: The sandbox is not in sync with the Podfile.lock. Run 'pod install' or update your CocoaPods installation.\" >&2\n    exit 1\nfi\n# This output is used by Xcode 'outputs' to avoid re-running this script phase.\necho \"SUCCESS\" > \"${SCRIPT_OUTPUT_FILE_0}\"\n";
			showEnvVarsInLog = 0;
		};
/* End PBXShellScriptBuildPhase section */

/* Begin PBXSourcesBuildPhase section */
		B76E56892548A24A00C13D43 /* Sources */ = {
			isa = PBXSourcesBuildPhase;
			buildActionMask = 2147483647;
			files = (
				996C94852568C7A9005742C1 /* ValidationManager.swift in Sources */,
				99C5373B2553D1540056C11B /* ProfileVC.swift in Sources */,
				996C948C256909B9005742C1 /* ProfileViewModel.swift in Sources */,
				B76E56BF2548AFA000C13D43 /* APIManager.swift in Sources */,
				996C948A2568EC1E005742C1 /* ToDoListViewModel.swift in Sources */,
				B76E56952548A24A00C13D43 /* ToDoListVC.swift in Sources */,
				99BAE650256BD9CF00521978 /* SignInView.swift in Sources */,
				997B1D89254D207E002BCC7A /* UIViewController+ShowAlert.swift in Sources */,
				99AF38A7256D18740055DF3F /* ToDoListView.swift in Sources */,
				99D5E395255CC82E005CEF61 /* APIRouter.swift in Sources */,
				B76E56912548A24A00C13D43 /* AppDelegate.swift in Sources */,
				B76E56C52548BACC00C13D43 /* UserData.swift in Sources */,
				9932E6D12553488C00392AC9 /* String+Trimming.swift in Sources */,
				9913BBAC255E84F0000A17DD /* SignUpViewModel.swift in Sources */,
				B76E56B92548A76600C13D43 /* SignInVC.swift in Sources */,
				B76E56BC2548A84600C13D43 /* SignUpVC.swift in Sources */,
				997B1D8D254D3698002BCC7A /* TaskData.swift in Sources */,
				99BAE652256BD9E500521978 /* SignUpView.swift in Sources */,
				B76E56C72548BEE100C13D43 /* UserDefaultsManager.swift in Sources */,
				B76E56B52548A63E00C13D43 /* UIViewController+Storyboard.swift in Sources */,
				9932E6D4255349A600392AC9 /* ToDoCell.swift in Sources */,
				997B1D8F254D3C4F002BCC7A /* TaskResponse.swift in Sources */,
				9932E6D8255358C100392AC9 /* UIView+Loader.swift in Sources */,
				996C94832568C627005742C1 /* SignInViewModel.swift in Sources */,
				B76E56C12548B0FD00C13D43 /* LoginResponse.swift in Sources */,
				999E4CC42579C64D00ECF67E /* AppStateManager.swift in Sources */,
				B76E56C32548B2B100C13D43 /* Constants.swift in Sources */,
			);
			runOnlyForDeploymentPostprocessing = 0;
		};
/* End PBXSourcesBuildPhase section */

/* Begin PBXVariantGroup section */
		B76E56962548A24A00C13D43 /* Authentication.storyboard */ = {
			isa = PBXVariantGroup;
			children = (
				B76E56972548A24A00C13D43 /* Base */,
			);
			name = Authentication.storyboard;
			sourceTree = "<group>";
		};
		B76E569B2548A24C00C13D43 /* LaunchScreen.storyboard */ = {
			isa = PBXVariantGroup;
			children = (
				B76E569C2548A24C00C13D43 /* Base */,
			);
			name = LaunchScreen.storyboard;
			sourceTree = "<group>";
		};
/* End PBXVariantGroup section */

/* Begin XCBuildConfiguration section */
		B76E569F2548A24C00C13D43 /* Debug */ = {
			isa = XCBuildConfiguration;
			buildSettings = {
				ALWAYS_SEARCH_USER_PATHS = NO;
				CLANG_ANALYZER_NONNULL = YES;
				CLANG_ANALYZER_NUMBER_OBJECT_CONVERSION = YES_AGGRESSIVE;
				CLANG_CXX_LANGUAGE_STANDARD = "gnu++14";
				CLANG_CXX_LIBRARY = "libc++";
				CLANG_ENABLE_MODULES = YES;
				CLANG_ENABLE_OBJC_ARC = YES;
				CLANG_ENABLE_OBJC_WEAK = YES;
				CLANG_WARN_BLOCK_CAPTURE_AUTORELEASING = YES;
				CLANG_WARN_BOOL_CONVERSION = YES;
				CLANG_WARN_COMMA = YES;
				CLANG_WARN_CONSTANT_CONVERSION = YES;
				CLANG_WARN_DEPRECATED_OBJC_IMPLEMENTATIONS = YES;
				CLANG_WARN_DIRECT_OBJC_ISA_USAGE = YES_ERROR;
				CLANG_WARN_DOCUMENTATION_COMMENTS = YES;
				CLANG_WARN_EMPTY_BODY = YES;
				CLANG_WARN_ENUM_CONVERSION = YES;
				CLANG_WARN_INFINITE_RECURSION = YES;
				CLANG_WARN_INT_CONVERSION = YES;
				CLANG_WARN_NON_LITERAL_NULL_CONVERSION = YES;
				CLANG_WARN_OBJC_IMPLICIT_RETAIN_SELF = YES;
				CLANG_WARN_OBJC_LITERAL_CONVERSION = YES;
				CLANG_WARN_OBJC_ROOT_CLASS = YES_ERROR;
				CLANG_WARN_RANGE_LOOP_ANALYSIS = YES;
				CLANG_WARN_STRICT_PROTOTYPES = YES;
				CLANG_WARN_SUSPICIOUS_MOVE = YES;
				CLANG_WARN_UNGUARDED_AVAILABILITY = YES_AGGRESSIVE;
				CLANG_WARN_UNREACHABLE_CODE = YES;
				CLANG_WARN__DUPLICATE_METHOD_MATCH = YES;
				COPY_PHASE_STRIP = NO;
				DEBUG_INFORMATION_FORMAT = dwarf;
				ENABLE_STRICT_OBJC_MSGSEND = YES;
				ENABLE_TESTABILITY = YES;
				GCC_C_LANGUAGE_STANDARD = gnu11;
				GCC_DYNAMIC_NO_PIC = NO;
				GCC_NO_COMMON_BLOCKS = YES;
				GCC_OPTIMIZATION_LEVEL = 0;
				GCC_PREPROCESSOR_DEFINITIONS = (
					"DEBUG=1",
					"$(inherited)",
				);
				GCC_WARN_64_TO_32_BIT_CONVERSION = YES;
				GCC_WARN_ABOUT_RETURN_TYPE = YES_ERROR;
				GCC_WARN_UNDECLARED_SELECTOR = YES;
				GCC_WARN_UNINITIALIZED_AUTOS = YES_AGGRESSIVE;
				GCC_WARN_UNUSED_FUNCTION = YES;
				GCC_WARN_UNUSED_VARIABLE = YES;
				INFOPLIST_FILE = "TODOApp-MVVM-Demo/Info.plist";
				IPHONEOS_DEPLOYMENT_TARGET = 13.2;
				MTL_ENABLE_DEBUG_INFO = INCLUDE_SOURCE;
				MTL_FAST_MATH = YES;
				ONLY_ACTIVE_ARCH = YES;
				SDKROOT = iphoneos;
				SWIFT_ACTIVE_COMPILATION_CONDITIONS = DEBUG;
				SWIFT_OPTIMIZATION_LEVEL = "-Onone";
			};
			name = Debug;
		};
		B76E56A02548A24C00C13D43 /* Release */ = {
			isa = XCBuildConfiguration;
			buildSettings = {
				ALWAYS_SEARCH_USER_PATHS = NO;
				CLANG_ANALYZER_NONNULL = YES;
				CLANG_ANALYZER_NUMBER_OBJECT_CONVERSION = YES_AGGRESSIVE;
				CLANG_CXX_LANGUAGE_STANDARD = "gnu++14";
				CLANG_CXX_LIBRARY = "libc++";
				CLANG_ENABLE_MODULES = YES;
				CLANG_ENABLE_OBJC_ARC = YES;
				CLANG_ENABLE_OBJC_WEAK = YES;
				CLANG_WARN_BLOCK_CAPTURE_AUTORELEASING = YES;
				CLANG_WARN_BOOL_CONVERSION = YES;
				CLANG_WARN_COMMA = YES;
				CLANG_WARN_CONSTANT_CONVERSION = YES;
				CLANG_WARN_DEPRECATED_OBJC_IMPLEMENTATIONS = YES;
				CLANG_WARN_DIRECT_OBJC_ISA_USAGE = YES_ERROR;
				CLANG_WARN_DOCUMENTATION_COMMENTS = YES;
				CLANG_WARN_EMPTY_BODY = YES;
				CLANG_WARN_ENUM_CONVERSION = YES;
				CLANG_WARN_INFINITE_RECURSION = YES;
				CLANG_WARN_INT_CONVERSION = YES;
				CLANG_WARN_NON_LITERAL_NULL_CONVERSION = YES;
				CLANG_WARN_OBJC_IMPLICIT_RETAIN_SELF = YES;
				CLANG_WARN_OBJC_LITERAL_CONVERSION = YES;
				CLANG_WARN_OBJC_ROOT_CLASS = YES_ERROR;
				CLANG_WARN_RANGE_LOOP_ANALYSIS = YES;
				CLANG_WARN_STRICT_PROTOTYPES = YES;
				CLANG_WARN_SUSPICIOUS_MOVE = YES;
				CLANG_WARN_UNGUARDED_AVAILABILITY = YES_AGGRESSIVE;
				CLANG_WARN_UNREACHABLE_CODE = YES;
				CLANG_WARN__DUPLICATE_METHOD_MATCH = YES;
				COPY_PHASE_STRIP = NO;
				DEBUG_INFORMATION_FORMAT = "dwarf-with-dsym";
				ENABLE_NS_ASSERTIONS = NO;
				ENABLE_STRICT_OBJC_MSGSEND = YES;
				GCC_C_LANGUAGE_STANDARD = gnu11;
				GCC_NO_COMMON_BLOCKS = YES;
				GCC_WARN_64_TO_32_BIT_CONVERSION = YES;
				GCC_WARN_ABOUT_RETURN_TYPE = YES_ERROR;
				GCC_WARN_UNDECLARED_SELECTOR = YES;
				GCC_WARN_UNINITIALIZED_AUTOS = YES_AGGRESSIVE;
				GCC_WARN_UNUSED_FUNCTION = YES;
				GCC_WARN_UNUSED_VARIABLE = YES;
				INFOPLIST_FILE = "TODOApp-MVVM-Demo/Info.plist";
				IPHONEOS_DEPLOYMENT_TARGET = 13.2;
				MTL_ENABLE_DEBUG_INFO = NO;
				MTL_FAST_MATH = YES;
				SDKROOT = iphoneos;
				SWIFT_COMPILATION_MODE = wholemodule;
				SWIFT_OPTIMIZATION_LEVEL = "-O";
				VALIDATE_PRODUCT = YES;
			};
			name = Release;
		};
		B76E56A22548A24C00C13D43 /* Debug */ = {
			isa = XCBuildConfiguration;
			baseConfigurationReference = 7828ADE052617C1A49B36F6D /* Pods-TODOApp-MVVM-Demo.debug.xcconfig */;
			buildSettings = {
				ASSETCATALOG_COMPILER_APPICON_NAME = AppIcon;
				CODE_SIGN_STYLE = Automatic;
				INFOPLIST_FILE = "TODOApp-MVVM-Demo/Info.plist";
				LD_RUNPATH_SEARCH_PATHS = (
					"$(inherited)",
					"@executable_path/Frameworks",
				);
				PRODUCT_BUNDLE_IDENTIFIER = "com.ideaeg.TODOApp-MVP-Demo";
				PRODUCT_NAME = "$(TARGET_NAME)";
				SWIFT_VERSION = 5.0;
				TARGETED_DEVICE_FAMILY = "1,2";
			};
			name = Debug;
		};
		B76E56A32548A24C00C13D43 /* Release */ = {
			isa = XCBuildConfiguration;
			baseConfigurationReference = 7C7668F5FBCAC29319F7DEF0 /* Pods-TODOApp-MVVM-Demo.release.xcconfig */;
			buildSettings = {
				ASSETCATALOG_COMPILER_APPICON_NAME = AppIcon;
				CODE_SIGN_STYLE = Automatic;
				INFOPLIST_FILE = "TODOApp-MVVM-Demo/Info.plist";
				LD_RUNPATH_SEARCH_PATHS = (
					"$(inherited)",
					"@executable_path/Frameworks",
				);
				PRODUCT_BUNDLE_IDENTIFIER = "com.ideaeg.TODOApp-MVP-Demo";
				PRODUCT_NAME = "$(TARGET_NAME)";
				SWIFT_VERSION = 5.0;
				TARGETED_DEVICE_FAMILY = "1,2";
			};
			name = Release;
		};
/* End XCBuildConfiguration section */

/* Begin XCConfigurationList section */
		B76E56882548A24A00C13D43 /* Build configuration list for PBXProject "TODOApp-MVVM-Demo" */ = {
			isa = XCConfigurationList;
			buildConfigurations = (
				B76E569F2548A24C00C13D43 /* Debug */,
				B76E56A02548A24C00C13D43 /* Release */,
			);
			defaultConfigurationIsVisible = 0;
			defaultConfigurationName = Release;
		};
		B76E56A12548A24C00C13D43 /* Build configuration list for PBXNativeTarget "TODOApp-MVVM-Demo" */ = {
			isa = XCConfigurationList;
			buildConfigurations = (
				B76E56A22548A24C00C13D43 /* Debug */,
				B76E56A32548A24C00C13D43 /* Release */,
			);
			defaultConfigurationIsVisible = 0;
			defaultConfigurationName = Release;
		};
/* End XCConfigurationList section */
	};
	rootObject = B76E56852548A24A00C13D43 /* Project object */;
}
